
Microsoft Visual Studio Solution File, Format Version 12.00
# Visual Studio Version 16
VisualStudioVersion = 16.0.30114.105
MinimumVisualStudioVersion = 10.0.40219.1
Project("{FAE04EC0-301F-11D3-BF4B-00C04F79EFBC}") = "CodeFirst.Net_Project", "CodeFirst.Net_Project\CodeFirst.Net_Project.csproj", "{3ACB323D-07D1-4EA1-A7B5-313298F34AF0}"
EndProject
Global
	GlobalSection(SolutionConfigurationPlatforms) = preSolution
		Debug|Any CPU = Debug|Any CPU
		Release|Any CPU = Release|Any CPU
	EndGlobalSection
	GlobalSection(ProjectConfigurationPlatforms) = postSolution
		{3ACB323D-07D1-4EA1-A7B5-313298F34AF0}.Debug|Any CPU.ActiveCfg = Debug|Any CPU
		{3ACB323D-07D1-4EA1-A7B5-313298F34AF0}.Debug|Any CPU.Build.0 = Debug|Any CPU
		{3ACB323D-07D1-4EA1-A7B5-313298F34AF0}.Release|Any CPU.ActiveCfg = Release|Any CPU
		{3ACB323D-07D1-4EA1-A7B5-313298F34AF0}.Release|Any CPU.Build.0 = Release|Any CPU
	EndGlobalSection
	GlobalSection(SolutionProperties) = preSolution
		HideSolutionNode = FALSE
	EndGlobalSection
	GlobalSection(ExtensibilityGlobals) = postSolution
		SolutionGuid = {2BCECF5C-BEE7-471C-8D6B-29D24263F96B}
	EndGlobalSection
EndGlobal
